
Microsoft Visual Studio Solution File, Format Version 12.00
# Visual Studio Version 17
VisualStudioVersion = 17.11.35219.272
MinimumVisualStudioVersion = 10.0.40219.1
Project("{9A19103F-16F7-4668-BE54-9A1E7A4F7556}") = "OOP", "OOP\OOP.csproj", "{B04FB497-766F-4A52-95D3-4E3CC5085180}"
EndProject
Global
	GlobalSection(SolutionConfigurationPlatforms) = preSolution
		Debug|Any CPU = Debug|Any CPU
		Release|Any CPU = Release|Any CPU
	EndGlobalSection
	GlobalSection(ProjectConfigurationPlatforms) = postSolution
		{B04FB497-766F-4A52-95D3-4E3CC5085180}.Debug|Any CPU.ActiveCfg = Debug|Any CPU
		{B04FB497-766F-4A52-95D3-4E3CC5085180}.Debug|Any CPU.Build.0 = Debug|Any CPU
		{B04FB497-766F-4A52-95D3-4E3CC5085180}.Release|Any CPU.ActiveCfg = Release|Any CPU
		{B04FB497-766F-4A52-95D3-4E3CC5085180}.Release|Any CPU.Build.0 = Release|Any CPU
	EndGlobalSection
	GlobalSection(SolutionProperties) = preSolution
		HideSolutionNode = FALSE
	EndGlobalSection
	GlobalSection(ExtensibilityGlobals) = postSolution
		SolutionGuid = {837AE025-2F7B-4992-A0D3-58B10694812D}
	EndGlobalSection
EndGlobal
